
Microsoft Visual Studio Solution File, Format Version 12.00
# Visual Studio Version 17
VisualStudioVersion = 17.0.31903.59
MinimumVisualStudioVersion = 10.0.40219.1
Project("{2150E333-8FDC-42A3-9474-1A3956D46DE8}") = "src", "src", "{827E0CD3-B72D-47B6-A68D-7590B98EB39B}"
EndProject
Project("{FAE04EC0-301F-11D3-BF4B-00C04F79EFBC}") = "AdvancedMemory.MCP.Server", "src\AdvancedMemory.MCP.Server\AdvancedMemory.MCP.Server.csproj", "{5A97D7B4-8602-4245-99DA-6B84377F3206}"
EndProject
Project("{FAE04EC0-301F-11D3-BF4B-00C04F79EFBC}") = "AdvancedMemory.KnowledgeProvider", "src\AdvancedMemory.KnowledgeProvider\AdvancedMemory.KnowledgeProvider.csproj", "{EECFB237-C919-475B-B191-B837F83F14FB}"
EndProject
Project("{FAE04EC0-301F-11D3-BF4B-00C04F79EFBC}") = "AdvancedMemory.MemoryProvider", "src\AdvancedMemory.MemoryProvider\AdvancedMemory.MemoryProvider.csproj", "{4113EE77-8AB7-421B-914D-01BD3FA1C874}"
EndProject
Project("{FAE04EC0-301F-11D3-BF4B-00C04F79EFBC}") = "AdvancedMemory.GroundingProvider", "src\AdvancedMemory.GroundingProvider\AdvancedMemory.GroundingProvider.csproj", "{138FE176-9AF5-475C-A631-06305DF7FD33}"
EndProject
Project("{FAE04EC0-301F-11D3-BF4B-00C04F79EFBC}") = "AdvancedMemory.Orchestration", "src\AdvancedMemory.Orchestration\AdvancedMemory.Orchestration.csproj", "{C3641987-8F6A-4DEF-8B31-41E05E3546CA}"
EndProject
Project("{FAE04EC0-301F-11D3-BF4B-00C04F79EFBC}") = "AdvancedMemory.Shared", "src\AdvancedMemory.Shared\AdvancedMemory.Shared.csproj", "{A218B4DB-27B3-4CDB-97DB-6452D4C1510C}"
EndProject
Project("{FAE04EC0-301F-11D3-BF4B-00C04F79EFBC}") = "AdvancedMemory.UI", "src\AdvancedMemory.UI\AdvancedMemory.UI.csproj", "{3845293F-280E-441E-B513-ACD722EE1CFC}"
EndProject
Project("{FAE04EC0-301F-11D3-BF4B-00C04F79EFBC}") = "AdvancedMemory.AppHost", "src\AdvancedMemory.AppHost\AdvancedMemory.AppHost.csproj", "{87434A24-C3C1-495D-ACC4-B6708B6304EE}"
EndProject
Project("{2150E333-8FDC-42A3-9474-1A3956D46DE8}") = "tests", "tests", "{0AB3BF05-4346-4AA6-1389-037BE0695223}"
EndProject
Project("{FAE04EC0-301F-11D3-BF4B-00C04F79EFBC}") = "AdvancedMemory.MCP.Server.UnitTests", "tests\AdvancedMemory.MCP.Server.UnitTests\AdvancedMemory.MCP.Server.UnitTests.csproj", "{52D16B09-5E14-4ECE-9479-0835265967E0}"
EndProject
Project("{FAE04EC0-301F-11D3-BF4B-00C04F79EFBC}") = "AdvancedMemory.KnowledgeProvider.Tests", "tests\AdvancedMemory.KnowledgeProvider.Tests\AdvancedMemory.KnowledgeProvider.Tests.csproj", "{7825BDE2-64E8-41E1-AB93-9673637F188A}"
EndProject
Project("{FAE04EC0-301F-11D3-BF4B-00C04F79EFBC}") = "AdvancedMemory.MemoryProvider.Tests", "tests\AdvancedMemory.MemoryProvider.Tests\AdvancedMemory.MemoryProvider.Tests.csproj", "{494F6694-0B56-4023-A19D-3303103320F1}"
EndProject
Project("{FAE04EC0-301F-11D3-BF4B-00C04F79EFBC}") = "AdvancedMemory.IntegrationTests", "tests\AdvancedMemory.IntegrationTests\AdvancedMemory.IntegrationTests.csproj", "{29B679A9-B8DB-456E-9293-C0DF0E0E927D}"
EndProject
Project("{FAE04EC0-301F-11D3-BF4B-00C04F79EFBC}") = "AdvancedMemory.UI.Tests", "tests\AdvancedMemory.UI.Tests\AdvancedMemory.UI.Tests.csproj", "{B55278C6-E58B-473D-9BC0-C0E46E701F02}"
EndProject
Global
	GlobalSection(SolutionConfigurationPlatforms) = preSolution
		Debug|Any CPU = Debug|Any CPU
		Debug|x64 = Debug|x64
		Debug|x86 = Debug|x86
		Release|Any CPU = Release|Any CPU
		Release|x64 = Release|x64
		Release|x86 = Release|x86
	EndGlobalSection
	GlobalSection(ProjectConfigurationPlatforms) = postSolution
		{5A97D7B4-8602-4245-99DA-6B84377F3206}.Debug|Any CPU.ActiveCfg = Debug|Any CPU
		{5A97D7B4-8602-4245-99DA-6B84377F3206}.Debug|Any CPU.Build.0 = Debug|Any CPU
		{5A97D7B4-8602-4245-99DA-6B84377F3206}.Debug|x64.ActiveCfg = Debug|Any CPU
		{5A97D7B4-8602-4245-99DA-6B84377F3206}.Debug|x64.Build.0 = Debug|Any CPU
		{5A97D7B4-8602-4245-99DA-6B84377F3206}.Debug|x86.ActiveCfg = Debug|Any CPU
		{5A97D7B4-8602-4245-99DA-6B84377F3206}.Debug|x86.Build.0 = Debug|Any CPU
		{5A97D7B4-8602-4245-99DA-6B84377F3206}.Release|Any CPU.ActiveCfg = Release|Any CPU
		{5A97D7B4-8602-4245-99DA-6B84377F3206}.Release|Any CPU.Build.0 = Release|Any CPU
		{5A97D7B4-8602-4245-99DA-6B84377F3206}.Release|x64.ActiveCfg = Release|Any CPU
		{5A97D7B4-8602-4245-99DA-6B84377F3206}.Release|x64.Build.0 = Release|Any CPU
		{5A97D7B4-8602-4245-99DA-6B84377F3206}.Release|x86.ActiveCfg = Release|Any CPU
		{5A97D7B4-8602-4245-99DA-6B84377F3206}.Release|x86.Build.0 = Release|Any CPU
		{EECFB237-C919-475B-B191-B837F83F14FB}.Debug|Any CPU.ActiveCfg = Debug|Any CPU
		{EECFB237-C919-475B-B191-B837F83F14FB}.Debug|Any CPU.Build.0 = Debug|Any CPU
		{EECFB237-C919-475B-B191-B837F83F14FB}.Debug|x64.ActiveCfg = Debug|Any CPU
		{EECFB237-C919-475B-B191-B837F83F14FB}.Debug|x64.Build.0 = Debug|Any CPU
		{EECFB237-C919-475B-B191-B837F83F14FB}.Debug|x86.ActiveCfg = Debug|Any CPU
		{EECFB237-C919-475B-B191-B837F83F14FB}.Debug|x86.Build.0 = Debug|Any CPU
		{EECFB237-C919-475B-B191-B837F83F14FB}.Release|Any CPU.ActiveCfg = Release|Any CPU
		{EECFB237-C919-475B-B191-B837F83F14FB}.Release|Any CPU.Build.0 = Release|Any CPU
		{EECFB237-C919-475B-B191-B837F83F14FB}.Release|x64.ActiveCfg = Release|Any CPU
		{EECFB237-C919-475B-B191-B837F83F14FB}.Release|x64.Build.0 = Release|Any CPU
		{EECFB237-C919-475B-B191-B837F83F14FB}.Release|x86.ActiveCfg = Release|Any CPU
		{EECFB237-C919-475B-B191-B837F83F14FB}.Release|x86.Build.0 = Release|Any CPU
		{4113EE77-8AB7-421B-914D-01BD3FA1C874}.Debug|Any CPU.ActiveCfg = Debug|Any CPU
		{4113EE77-8AB7-421B-914D-01BD3FA1C874}.Debug|Any CPU.Build.0 = Debug|Any CPU
		{4113EE77-8AB7-421B-914D-01BD3FA1C874}.Debug|x64.ActiveCfg = Debug|Any CPU
		{4113EE77-8AB7-421B-914D-01BD3FA1C874}.Debug|x64.Build.0 = Debug|Any CPU
		{4113EE77-8AB7-421B-914D-01BD3FA1C874}.Debug|x86.ActiveCfg = Debug|Any CPU
		{4113EE77-8AB7-421B-914D-01BD3FA1C874}.Debug|x86.Build.0 = Debug|Any CPU
		{4113EE77-8AB7-421B-914D-01BD3FA1C874}.Release|Any CPU.ActiveCfg = Release|Any CPU
		{4113EE77-8AB7-421B-914D-01BD3FA1C874}.Release|Any CPU.Build.0 = Release|Any CPU
		{4113EE77-8AB7-421B-914D-01BD3FA1C874}.Release|x64.ActiveCfg = Release|Any CPU
		{4113EE77-8AB7-421B-914D-01BD3FA1C874}.Release|x64.Build.0 = Release|Any CPU
		{4113EE77-8AB7-421B-914D-01BD3FA1C874}.Release|x86.ActiveCfg = Release|Any CPU
		{4113EE77-8AB7-421B-914D-01BD3FA1C874}.Release|x86.Build.0 = Release|Any CPU
		{138FE176-9AF5-475C-A631-06305DF7FD33}.Debug|Any CPU.ActiveCfg = Debug|Any CPU
		{138FE176-9AF5-475C-A631-06305DF7FD33}.Debug|Any CPU.Build.0 = Debug|Any CPU
		{138FE176-9AF5-475C-A631-06305DF7FD33}.Debug|x64.ActiveCfg = Debug|Any CPU
		{138FE176-9AF5-475C-A631-06305DF7FD33}.Debug|x64.Build.0 = Debug|Any CPU
		{138FE176-9AF5-475C-A631-06305DF7FD33}.Debug|x86.ActiveCfg = Debug|Any CPU
		{138FE176-9AF5-475C-A631-06305DF7FD33}.Debug|x86.Build.0 = Debug|Any CPU
		{138FE176-9AF5-475C-A631-06305DF7FD33}.Release|Any CPU.ActiveCfg = Release|Any CPU
		{138FE176-9AF5-475C-A631-06305DF7FD33}.Release|Any CPU.Build.0 = Release|Any CPU
		{138FE176-9AF5-475C-A631-06305DF7FD33}.Release|x64.ActiveCfg = Release|Any CPU
		{138FE176-9AF5-475C-A631-06305DF7FD33}.Release|x64.Build.0 = Release|Any CPU
		{138FE176-9AF5-475C-A631-06305DF7FD33}.Release|x86.ActiveCfg = Release|Any CPU
		{138FE176-9AF5-475C-A631-06305DF7FD33}.Release|x86.Build.0 = Release|Any CPU
		{C3641987-8F6A-4DEF-8B31-41E05E3546CA}.Debug|Any CPU.ActiveCfg = Debug|Any CPU
		{C3641987-8F6A-4DEF-8B31-41E05E3546CA}.Debug|Any CPU.Build.0 = Debug|Any CPU
		{C3641987-8F6A-4DEF-8B31-41E05E3546CA}.Debug|x64.ActiveCfg = Debug|Any CPU
		{C3641987-8F6A-4DEF-8B31-41E05E3546CA}.Debug|x64.Build.0 = Debug|Any CPU
		{C3641987-8F6A-4DEF-8B31-41E05E3546CA}.Debug|x86.ActiveCfg = Debug|Any CPU
		{C3641987-8F6A-4DEF-8B31-41E05E3546CA}.Debug|x86.Build.0 = Debug|Any CPU
		{C3641987-8F6A-4DEF-8B31-41E05E3546CA}.Release|Any CPU.ActiveCfg = Release|Any CPU
		{C3641987-8F6A-4DEF-8B31-41E05E3546CA}.Release|Any CPU.Build.0 = Release|Any CPU
		{C3641987-8F6A-4DEF-8B31-41E05E3546CA}.Release|x64.ActiveCfg = Release|Any CPU
		{C3641987-8F6A-4DEF-8B31-41E05E3546CA}.Release|x64.Build.0 = Release|Any CPU
		{C3641987-8F6A-4DEF-8B31-41E05E3546CA}.Release|x86.ActiveCfg = Release|Any CPU
		{C3641987-8F6A-4DEF-8B31-41E05E3546CA}.Release|x86.Build.0 = Release|Any CPU
		{A218B4DB-27B3-4CDB-97DB-6452D4C1510C}.Debug|Any CPU.ActiveCfg = Debug|Any CPU
		{A218B4DB-27B3-4CDB-97DB-6452D4C1510C}.Debug|Any CPU.Build.0 = Debug|Any CPU
		{A218B4DB-27B3-4CDB-97DB-6452D4C1510C}.Debug|x64.ActiveCfg = Debug|Any CPU
		{A218B4DB-27B3-4CDB-97DB-6452D4C1510C}.Debug|x64.Build.0 = Debug|Any CPU
		{A218B4DB-27B3-4CDB-97DB-6452D4C1510C}.Debug|x86.ActiveCfg = Debug|Any CPU
		{A218B4DB-27B3-4CDB-97DB-6452D4C1510C}.Debug|x86.Build.0 = Debug|Any CPU
		{A218B4DB-27B3-4CDB-97DB-6452D4C1510C}.Release|Any CPU.ActiveCfg = Release|Any CPU
		{A218B4DB-27B3-4CDB-97DB-6452D4C1510C}.Release|Any CPU.Build.0 = Release|Any CPU
		{A218B4DB-27B3-4CDB-97DB-6452D4C1510C}.Release|x64.ActiveCfg = Release|Any CPU
		{A218B4DB-27B3-4CDB-97DB-6452D4C1510C}.Release|x64.Build.0 = Release|Any CPU
		{A218B4DB-27B3-4CDB-97DB-6452D4C1510C}.Release|x86.ActiveCfg = Release|Any CPU
		{A218B4DB-27B3-4CDB-97DB-6452D4C1510C}.Release|x86.Build.0 = Release|Any CPU
		{3845293F-280E-441E-B513-ACD722EE1CFC}.Debug|Any CPU.ActiveCfg = Debug|Any CPU
		{3845293F-280E-441E-B513-ACD722EE1CFC}.Debug|Any CPU.Build.0 = Debug|Any CPU
		{3845293F-280E-441E-B513-ACD722EE1CFC}.Debug|x64.ActiveCfg = Debug|Any CPU
		{3845293F-280E-441E-B513-ACD722EE1CFC}.Debug|x64.Build.0 = Debug|Any CPU
		{3845293F-280E-441E-B513-ACD722EE1CFC}.Debug|x86.ActiveCfg = Debug|Any CPU
		{3845293F-280E-441E-B513-ACD722EE1CFC}.Debug|x86.Build.0 = Debug|Any CPU
		{3845293F-280E-441E-B513-ACD722EE1CFC}.Release|Any CPU.ActiveCfg = Release|Any CPU
		{3845293F-280E-441E-B513-ACD722EE1CFC}.Release|Any CPU.Build.0 = Release|Any CPU
		{3845293F-280E-441E-B513-ACD722EE1CFC}.Release|x64.ActiveCfg = Release|Any CPU
		{3845293F-280E-441E-B513-ACD722EE1CFC}.Release|x64.Build.0 = Release|Any CPU
		{3845293F-280E-441E-B513-ACD722EE1CFC}.Release|x86.ActiveCfg = Release|Any CPU
		{3845293F-280E-441E-B513-ACD722EE1CFC}.Release|x86.Build.0 = Release|Any CPU
		{87434A24-C3C1-495D-ACC4-B6708B6304EE}.Debug|Any CPU.ActiveCfg = Debug|Any CPU
		{87434A24-C3C1-495D-ACC4-B6708B6304EE}.Debug|Any CPU.Build.0 = Debug|Any CPU
		{87434A24-C3C1-495D-ACC4-B6708B6304EE}.Debug|x64.ActiveCfg = Debug|Any CPU
		{87434A24-C3C1-495D-ACC4-B6708B6304EE}.Debug|x64.Build.0 = Debug|Any CPU
		{87434A24-C3C1-495D-ACC4-B6708B6304EE}.Debug|x86.ActiveCfg = Debug|Any CPU
		{87434A24-C3C1-495D-ACC4-B6708B6304EE}.Debug|x86.Build.0 = Debug|Any CPU
		{87434A24-C3C1-495D-ACC4-B6708B6304EE}.Release|Any CPU.ActiveCfg = Release|Any CPU
		{87434A24-C3C1-495D-ACC4-B6708B6304EE}.Release|Any CPU.Build.0 = Release|Any CPU
		{87434A24-C3C1-495D-ACC4-B6708B6304EE}.Release|x64.ActiveCfg = Release|Any CPU
		{87434A24-C3C1-495D-ACC4-B6708B6304EE}.Release|x64.Build.0 = Release|Any CPU
		{87434A24-C3C1-495D-ACC4-B6708B6304EE}.Release|x86.ActiveCfg = Release|Any CPU
		{87434A24-C3C1-495D-ACC4-B6708B6304EE}.Release|x86.Build.0 = Release|Any CPU
		{52D16B09-5E14-4ECE-9479-0835265967E0}.Debug|Any CPU.ActiveCfg = Debug|Any CPU
		{52D16B09-5E14-4ECE-9479-0835265967E0}.Debug|Any CPU.Build.0 = Debug|Any CPU
		{52D16B09-5E14-4ECE-9479-0835265967E0}.Debug|x64.ActiveCfg = Debug|Any CPU
		{52D16B09-5E14-4ECE-9479-0835265967E0}.Debug|x64.Build.0 = Debug|Any CPU
		{52D16B09-5E14-4ECE-9479-0835265967E0}.Debug|x86.ActiveCfg = Debug|Any CPU
		{52D16B09-5E14-4ECE-9479-0835265967E0}.Debug|x86.Build.0 = Debug|Any CPU
		{52D16B09-5E14-4ECE-9479-0835265967E0}.Release|Any CPU.ActiveCfg = Release|Any CPU
		{52D16B09-5E14-4ECE-9479-0835265967E0}.Release|Any CPU.Build.0 = Release|Any CPU
		{52D16B09-5E14-4ECE-9479-0835265967E0}.Release|x64.ActiveCfg = Release|Any CPU
		{52D16B09-5E14-4ECE-9479-0835265967E0}.Release|x64.Build.0 = Release|Any CPU
		{52D16B09-5E14-4ECE-9479-0835265967E0}.Release|x86.ActiveCfg = Release|Any CPU
		{52D16B09-5E14-4ECE-9479-0835265967E0}.Release|x86.Build.0 = Release|Any CPU
		{7825BDE2-64E8-41E1-AB93-9673637F188A}.Debug|Any CPU.ActiveCfg = Debug|Any CPU
		{7825BDE2-64E8-41E1-AB93-9673637F188A}.Debug|Any CPU.Build.0 = Debug|Any CPU
		{7825BDE2-64E8-41E1-AB93-9673637F188A}.Debug|x64.ActiveCfg = Debug|Any CPU
		{7825BDE2-64E8-41E1-AB93-9673637F188A}.Debug|x64.Build.0 = Debug|Any CPU
		{7825BDE2-64E8-41E1-AB93-9673637F188A}.Debug|x86.ActiveCfg = Debug|Any CPU
		{7825BDE2-64E8-41E1-AB93-9673637F188A}.Debug|x86.Build.0 = Debug|Any CPU
		{7825BDE2-64E8-41E1-AB93-9673637F188A}.Release|Any CPU.ActiveCfg = Release|Any CPU
		{7825BDE2-64E8-41E1-AB93-9673637F188A}.Release|Any CPU.Build.0 = Release|Any CPU
		{7825BDE2-64E8-41E1-AB93-9673637F188A}.Release|x64.ActiveCfg = Release|Any CPU
		{7825BDE2-64E8-41E1-AB93-9673637F188A}.Release|x64.Build.0 = Release|Any CPU
		{7825BDE2-64E8-41E1-AB93-9673637F188A}.Release|x86.ActiveCfg = Release|Any CPU
		{7825BDE2-64E8-41E1-AB93-9673637F188A}.Release|x86.Build.0 = Release|Any CPU
		{494F6694-0B56-4023-A19D-3303103320F1}.Debug|Any CPU.ActiveCfg = Debug|Any CPU
		{494F6694-0B56-4023-A19D-3303103320F1}.Debug|Any CPU.Build.0 = Debug|Any CPU
		{494F6694-0B56-4023-A19D-3303103320F1}.Debug|x64.ActiveCfg = Debug|Any CPU
		{494F6694-0B56-4023-A19D-3303103320F1}.Debug|x64.Build.0 = Debug|Any CPU
		{494F6694-0B56-4023-A19D-3303103320F1}.Debug|x86.ActiveCfg = Debug|Any CPU
		{494F6694-0B56-4023-A19D-3303103320F1}.Debug|x86.Build.0 = Debug|Any CPU
		{494F6694-0B56-4023-A19D-3303103320F1}.Release|Any CPU.ActiveCfg = Release|Any CPU
		{494F6694-0B56-4023-A19D-3303103320F1}.Release|Any CPU.Build.0 = Release|Any CPU
		{494F6694-0B56-4023-A19D-3303103320F1}.Release|x64.ActiveCfg = Release|Any CPU
		{494F6694-0B56-4023-A19D-3303103320F1}.Release|x64.Build.0 = Release|Any CPU
		{494F6694-0B56-4023-A19D-3303103320F1}.Release|x86.ActiveCfg = Release|Any CPU
		{494F6694-0B56-4023-A19D-3303103320F1}.Release|x86.Build.0 = Release|Any CPU
		{29B679A9-B8DB-456E-9293-C0DF0E0E927D}.Debug|Any CPU.ActiveCfg = Debug|Any CPU
		{29B679A9-B8DB-456E-9293-C0DF0E0E927D}.Debug|Any CPU.Build.0 = Debug|Any CPU
		{29B679A9-B8DB-456E-9293-C0DF0E0E927D}.Debug|x64.ActiveCfg = Debug|Any CPU
		{29B679A9-B8DB-456E-9293-C0DF0E0E927D}.Debug|x64.Build.0 = Debug|Any CPU
		{29B679A9-B8DB-456E-9293-C0DF0E0E927D}.Debug|x86.ActiveCfg = Debug|Any CPU
		{29B679A9-B8DB-456E-9293-C0DF0E0E927D}.Debug|x86.Build.0 = Debug|Any CPU
		{29B679A9-B8DB-456E-9293-C0DF0E0E927D}.Release|Any CPU.ActiveCfg = Release|Any CPU
		{29B679A9-B8DB-456E-9293-C0DF0E0E927D}.Release|Any CPU.Build.0 = Release|Any CPU
		{29B679A9-B8DB-456E-9293-C0DF0E0E927D}.Release|x64.ActiveCfg = Release|Any CPU
		{29B679A9-B8DB-456E-9293-C0DF0E0E927D}.Release|x64.Build.0 = Release|Any CPU
		{29B679A9-B8DB-456E-9293-C0DF0E0E927D}.Release|x86.ActiveCfg = Release|Any CPU
		{29B679A9-B8DB-456E-9293-C0DF0E0E927D}.Release|x86.Build.0 = Release|Any CPU
		{B55278C6-E58B-473D-9BC0-C0E46E701F02}.Debug|Any CPU.ActiveCfg = Debug|Any CPU
		{B55278C6-E58B-473D-9BC0-C0E46E701F02}.Debug|Any CPU.Build.0 = Debug|Any CPU
		{B55278C6-E58B-473D-9BC0-C0E46E701F02}.Debug|x64.ActiveCfg = Debug|Any CPU
		{B55278C6-E58B-473D-9BC0-C0E46E701F02}.Debug|x64.Build.0 = Debug|Any CPU
		{B55278C6-E58B-473D-9BC0-C0E46E701F02}.Debug|x86.ActiveCfg = Debug|Any CPU
		{B55278C6-E58B-473D-9BC0-C0E46E701F02}.Debug|x86.Build.0 = Debug|Any CPU
		{B55278C6-E58B-473D-9BC0-C0E46E701F02}.Release|Any CPU.ActiveCfg = Release|Any CPU
		{B55278C6-E58B-473D-9BC0-C0E46E701F02}.Release|Any CPU.Build.0 = Release|Any CPU
		{B55278C6-E58B-473D-9BC0-C0E46E701F02}.Release|x64.ActiveCfg = Release|Any CPU
		{B55278C6-E58B-473D-9BC0-C0E46E701F02}.Release|x64.Build.0 = Release|Any CPU
		{B55278C6-E58B-473D-9BC0-C0E46E701F02}.Release|x86.ActiveCfg = Release|Any CPU
		{B55278C6-E58B-473D-9BC0-C0E46E701F02}.Release|x86.Build.0 = Release|Any CPU
	EndGlobalSection
	GlobalSection(SolutionProperties) = preSolution
		HideSolutionNode = FALSE
	EndGlobalSection
	GlobalSection(NestedProjects) = preSolution
		{5A97D7B4-8602-4245-99DA-6B84377F3206} = {827E0CD3-B72D-47B6-A68D-7590B98EB39B}
		{EECFB237-C919-475B-B191-B837F83F14FB} = {827E0CD3-B72D-47B6-A68D-7590B98EB39B}
		{4113EE77-8AB7-421B-914D-01BD3FA1C874} = {827E0CD3-B72D-47B6-A68D-7590B98EB39B}
		{138FE176-9AF5-475C-A631-06305DF7FD33} = {827E0CD3-B72D-47B6-A68D-7590B98EB39B}
		{C3641987-8F6A-4DEF-8B31-41E05E3546CA} = {827E0CD3-B72D-47B6-A68D-7590B98EB39B}
		{A218B4DB-27B3-4CDB-97DB-6452D4C1510C} = {827E0CD3-B72D-47B6-A68D-7590B98EB39B}
		{3845293F-280E-441E-B513-ACD722EE1CFC} = {827E0CD3-B72D-47B6-A68D-7590B98EB39B}
		{87434A24-C3C1-495D-ACC4-B6708B6304EE} = {827E0CD3-B72D-47B6-A68D-7590B98EB39B}
		{52D16B09-5E14-4ECE-9479-0835265967E0} = {0AB3BF05-4346-4AA6-1389-037BE0695223}
		{7825BDE2-64E8-41E1-AB93-9673637F188A} = {0AB3BF05-4346-4AA6-1389-037BE0695223}
		{494F6694-0B56-4023-A19D-3303103320F1} = {0AB3BF05-4346-4AA6-1389-037BE0695223}
		{29B679A9-B8DB-456E-9293-C0DF0E0E927D} = {0AB3BF05-4346-4AA6-1389-037BE0695223}
		{B55278C6-E58B-473D-9BC0-C0E46E701F02} = {0AB3BF05-4346-4AA6-1389-037BE0695223}
	EndGlobalSection
EndGlobal
